
Microsoft Visual Studio Solution File, Format Version 12.00
# Visual Studio Version 16
VisualStudioVersion = 16.0.30002.166
MinimumVisualStudioVersion = 10.0.40219.1
Project("{FAE04EC0-301F-11D3-BF4B-00C04F79EFBC}") = "Logger", "Logger\Logger.csproj", "{EC7A31CB-708D-409D-B213-AFD0E13913BC}"
EndProject
Project("{FAE04EC0-301F-11D3-BF4B-00C04F79EFBC}") = "LogInformation", "LogInformation\LogInformation.csproj", "{6A163ABA-7D45-4E6A-902D-1F709BFE077B}"
EndProject
Global
	GlobalSection(SolutionConfigurationPlatforms) = preSolution
		Debug|Any CPU = Debug|Any CPU
		Release|Any CPU = Release|Any CPU
	EndGlobalSection
	GlobalSection(ProjectConfigurationPlatforms) = postSolution
		{EC7A31CB-708D-409D-B213-AFD0E13913BC}.Debug|Any CPU.ActiveCfg = Debug|Any CPU
		{EC7A31CB-708D-409D-B213-AFD0E13913BC}.Debug|Any CPU.Build.0 = Debug|Any CPU
		{EC7A31CB-708D-409D-B213-AFD0E13913BC}.Release|Any CPU.ActiveCfg = Release|Any CPU
		{EC7A31CB-708D-409D-B213-AFD0E13913BC}.Release|Any CPU.Build.0 = Release|Any CPU
		{6A163ABA-7D45-4E6A-902D-1F709BFE077B}.Debug|Any CPU.ActiveCfg = Debug|Any CPU
		{6A163ABA-7D45-4E6A-902D-1F709BFE077B}.Debug|Any CPU.Build.0 = Debug|Any CPU
		{6A163ABA-7D45-4E6A-902D-1F709BFE077B}.Release|Any CPU.ActiveCfg = Release|Any CPU
		{6A163ABA-7D45-4E6A-902D-1F709BFE077B}.Release|Any CPU.Build.0 = Release|Any CPU
	EndGlobalSection
	GlobalSection(SolutionProperties) = preSolution
		HideSolutionNode = FALSE
	EndGlobalSection
	GlobalSection(ExtensibilityGlobals) = postSolution
		SolutionGuid = {22CBF799-0A99-4A3C-8737-A6A1FCCFDE0E}
	EndGlobalSection
EndGlobal
